{
  "name": "geneticalgorithm",
  "version": "0.3.6",
  "lockfileVersion": 1,
  "requires": true,
  "dependencies": {
    "expresso": {
      "version": "0.9.2",
      "resolved": "https://registry.npmjs.org/expresso/-/expresso-0.9.2.tgz",
      "integrity": "sha1-F3smCQisrr5F7hbd90SVo/VYYug=",
      "dev": true
    }
  }
}
